
Microsoft Visual Studio Solution File, Format Version 12.00
# Visual Studio Version 16
VisualStudioVersion = 16.0.29519.87
MinimumVisualStudioVersion = 10.0.40219.1
Project("{FAE04EC0-301F-11D3-BF4B-00C04F79EFBC}") = "GenAlg", "GenAlg\GenAlg.csproj", "{26E4EAC2-7D08-42FD-9159-CF91D104B635}"
EndProject
Project("{FAE04EC0-301F-11D3-BF4B-00C04F79EFBC}") = "GenAlgTests", "GenAlgTests\GenAlgTests.csproj", "{C7176DDC-AB54-415A-909C-0C335F98B839}"
EndProject
Global
	GlobalSection(SolutionConfigurationPlatforms) = preSolution
		Debug|Any CPU = Debug|Any CPU
		Release|Any CPU = Release|Any CPU
	EndGlobalSection
	GlobalSection(ProjectConfigurationPlatforms) = postSolution
		{26E4EAC2-7D08-42FD-9159-CF91D104B635}.Debug|Any CPU.ActiveCfg = Debug|Any CPU
		{26E4EAC2-7D08-42FD-9159-CF91D104B635}.Debug|Any CPU.Build.0 = Debug|Any CPU
		{26E4EAC2-7D08-42FD-9159-CF91D104B635}.Release|Any CPU.ActiveCfg = Release|Any CPU
		{26E4EAC2-7D08-42FD-9159-CF91D104B635}.Release|Any CPU.Build.0 = Release|Any CPU
		{C7176DDC-AB54-415A-909C-0C335F98B839}.Debug|Any CPU.ActiveCfg = Debug|Any CPU
		{C7176DDC-AB54-415A-909C-0C335F98B839}.Debug|Any CPU.Build.0 = Debug|Any CPU
		{C7176DDC-AB54-415A-909C-0C335F98B839}.Release|Any CPU.ActiveCfg = Release|Any CPU
		{C7176DDC-AB54-415A-909C-0C335F98B839}.Release|Any CPU.Build.0 = Release|Any CPU
	EndGlobalSection
	GlobalSection(SolutionProperties) = preSolution
		HideSolutionNode = FALSE
	EndGlobalSection
	GlobalSection(ExtensibilityGlobals) = postSolution
		SolutionGuid = {9E39C838-F33E-4E54-BA97-90597CE30EB1}
	EndGlobalSection
EndGlobal
